
Microsoft Visual Studio Solution File, Format Version 12.00
# Visual Studio 14
VisualStudioVersion = 14.0.25420.1
MinimumVisualStudioVersion = 10.0.40219.1
Project("{FAE04EC0-301F-11D3-BF4B-00C04F79EFBC}") = "Website", "Website\Website.csproj", "{B99D075D-28B5-4C56-AD1E-C7A97F811BEB}"
EndProject
Project("{FAE04EC0-301F-11D3-BF4B-00C04F79EFBC}") = "Constants", "Constants\Constants.csproj", "{C732445C-8480-4A90-8F79-3EA605B027F9}"
EndProject
Project("{FAE04EC0-301F-11D3-BF4B-00C04F79EFBC}") = "Managers", "Managers\Managers.csproj", "{CEDEC51B-0567-44EA-B99B-DE1926F7221E}"
EndProject
Global
	GlobalSection(SolutionConfigurationPlatforms) = preSolution
		Debug|Any CPU = Debug|Any CPU
		Release|Any CPU = Release|Any CPU
	EndGlobalSection
	GlobalSection(ProjectConfigurationPlatforms) = postSolution
		{B99D075D-28B5-4C56-AD1E-C7A97F811BEB}.Debug|Any CPU.ActiveCfg = Debug|Any CPU
		{B99D075D-28B5-4C56-AD1E-C7A97F811BEB}.Debug|Any CPU.Build.0 = Debug|Any CPU
		{B99D075D-28B5-4C56-AD1E-C7A97F811BEB}.Release|Any CPU.ActiveCfg = Release|Any CPU
		{B99D075D-28B5-4C56-AD1E-C7A97F811BEB}.Release|Any CPU.Build.0 = Release|Any CPU
		{C732445C-8480-4A90-8F79-3EA605B027F9}.Debug|Any CPU.ActiveCfg = Debug|Any CPU
		{C732445C-8480-4A90-8F79-3EA605B027F9}.Debug|Any CPU.Build.0 = Debug|Any CPU
		{C732445C-8480-4A90-8F79-3EA605B027F9}.Release|Any CPU.ActiveCfg = Release|Any CPU
		{C732445C-8480-4A90-8F79-3EA605B027F9}.Release|Any CPU.Build.0 = Release|Any CPU
		{CEDEC51B-0567-44EA-B99B-DE1926F7221E}.Debug|Any CPU.ActiveCfg = Debug|Any CPU
		{CEDEC51B-0567-44EA-B99B-DE1926F7221E}.Debug|Any CPU.Build.0 = Debug|Any CPU
		{CEDEC51B-0567-44EA-B99B-DE1926F7221E}.Release|Any CPU.ActiveCfg = Release|Any CPU
		{CEDEC51B-0567-44EA-B99B-DE1926F7221E}.Release|Any CPU.Build.0 = Release|Any CPU
	EndGlobalSection
	GlobalSection(SolutionProperties) = preSolution
		HideSolutionNode = FALSE
	EndGlobalSection
EndGlobal
